// !$*UTF8*$!
{
	archiveVersion = 1;
	classes = {
	};
	objectVersion = 48;
	objects = {

/* Begin PBXBuildFile section */
		273F76451F70691600AF2D94 /* flagBgA.png in Resources */ = {isa = PBXBuildFile; fileRef = 273F76441F70691100AF2D94 /* flagBgA.png */; };
		2778A0211F77034200EAC37D /* x.png in Resources */ = {isa = PBXBuildFile; fileRef = 2778A0201F77030500EAC37D /* x.png */; };
		27A3A1D11F6797C100376850 /* ScoreInputViewController.swift in Sources */ = {isa = PBXBuildFile; fileRef = 27A3A1D01F6797C100376850 /* ScoreInputViewController.swift */; };
		27B0000A1F635A9A00B6E504 /* ScoreOverlayFootballTests.swift in Sources */ = {isa = PBXBuildFile; fileRef = 27B000091F635A9A00B6E504 /* ScoreOverlayFootballTests.swift */; };
		27B000151F635A9A00B6E504 /* ScoreOverlayFootballUITests.swift in Sources */ = {isa = PBXBuildFile; fileRef = 27B000141F635A9A00B6E504 /* ScoreOverlayFootballUITests.swift */; };
		27B0FFF41F635A9A00B6E504 /* AppDelegate.swift in Sources */ = {isa = PBXBuildFile; fileRef = 27B0FFF31F635A9A00B6E504 /* AppDelegate.swift */; };
		27B0FFF61F635A9A00B6E504 /* ViewController.swift in Sources */ = {isa = PBXBuildFile; fileRef = 27B0FFF51F635A9A00B6E504 /* ViewController.swift */; };
		27B0FFF91F635A9A00B6E504 /* ScoreOverlayFootball.xcdatamodeld in Sources */ = {isa = PBXBuildFile; fileRef = 27B0FFF71F635A9A00B6E504 /* ScoreOverlayFootball.xcdatamodeld */; };
		27B0FFFB1F635A9A00B6E504 /* Assets.xcassets in Resources */ = {isa = PBXBuildFile; fileRef = 27B0FFFA1F635A9A00B6E504 /* Assets.xcassets */; };
		27B0FFFE1F635A9A00B6E504 /* Main.storyboard in Resources */ = {isa = PBXBuildFile; fileRef = 27B0FFFC1F635A9A00B6E504 /* Main.storyboard */; };
		27C578AE1F6C5B320016F5EC /* a.png in Resources */ = {isa = PBXBuildFile; fileRef = 271699491F6B1D9F0067F2E2 /* a.png */; };
/* End PBXBuildFile section */

/* Begin PBXContainerItemProxy section */
		27B000061F635A9A00B6E504 /* PBXContainerItemProxy */ = {
			isa = PBXContainerItemProxy;
			containerPortal = 27B0FFE81F635A9A00B6E504 /* Project object */;
			proxyType = 1;
			remoteGlobalIDString = 27B0FFEF1F635A9A00B6E504;
			remoteInfo = ScoreOverlayFootball;
		};
		27B000111F635A9A00B6E504 /* PBXContainerItemProxy */ = {
			isa = PBXContainerItemProxy;
			containerPortal = 27B0FFE81F635A9A00B6E504 /* Project object */;
			proxyType = 1;
			remoteGlobalIDString = 27B0FFEF1F635A9A00B6E504;
			remoteInfo = ScoreOverlayFootball;
		};
/* End PBXContainerItemProxy section */

/* Begin PBXFileReference section */
		271699491F6B1D9F0067F2E2 /* a.png */ = {isa = PBXFileReference; lastKnownFileType = image.png; path = a.png; sourceTree = "<group>"; };
		273F76441F70691100AF2D94 /* flagBgA.png */ = {isa = PBXFileReference; lastKnownFileType = image.png; path = flagBgA.png; sourceTree = "<group>"; };
		2778A0201F77030500EAC37D /* x.png */ = {isa = PBXFileReference; lastKnownFileType = image.png; path = x.png; sourceTree = "<group>"; };
		27A3A1D01F6797C100376850 /* ScoreInputViewController.swift */ = {isa = PBXFileReference; lastKnownFileType = sourcecode.swift; path = ScoreInputViewController.swift; sourceTree = "<group>"; };
		27B000001F635A9A00B6E504 /* ScoreOverlayFootball.entitlements */ = {isa = PBXFileReference; lastKnownFileType = text.plist.entitlements; path = ScoreOverlayFootball.entitlements; sourceTree = "<group>"; };
		27B000051F635A9A00B6E504 /* ScoreOverlayFootballTests.xctest */ = {isa = PBXFileReference; explicitFileType = wrapper.cfbundle; includeInIndex = 0; path = ScoreOverlayFootballTests.xctest; sourceTree = BUILT_PRODUCTS_DIR; };
		27B000091F635A9A00B6E504 /* ScoreOverlayFootballTests.swift */ = {isa = PBXFileReference; lastKnownFileType = sourcecode.swift; path = ScoreOverlayFootballTests.swift; sourceTree = "<group>"; };
		27B0000B1F635A9A00B6E504 /* Info.plist */ = {isa = PBXFileReference; lastKnownFileType = text.plist.xml; path = Info.plist; sourceTree = "<group>"; };
		27B000101F635A9A00B6E504 /* ScoreOverlayFootballUITests.xctest */ = {isa = PBXFileReference; explicitFileType = wrapper.cfbundle; includeInIndex = 0; path = ScoreOverlayFootballUITests.xctest; sourceTree = BUILT_PRODUCTS_DIR; };
		27B000141F635A9A00B6E504 /* ScoreOverlayFootballUITests.swift */ = {isa = PBXFileReference; lastKnownFileType = sourcecode.swift; path = ScoreOverlayFootballUITests.swift; sourceTree = "<group>"; };
		27B000161F635A9A00B6E504 /* Info.plist */ = {isa = PBXFileReference; lastKnownFileType = text.plist.xml; path = Info.plist; sourceTree = "<group>"; };
		27B0FFF01F635A9A00B6E504 /* ScoreOverlayFootball.app */ = {isa = PBXFileReference; explicitFileType = wrapper.application; includeInIndex = 0; path = ScoreOverlayFootball.app; sourceTree = BUILT_PRODUCTS_DIR; };
		27B0FFF31F635A9A00B6E504 /* AppDelegate.swift */ = {isa = PBXFileReference; lastKnownFileType = sourcecode.swift; path = AppDelegate.swift; sourceTree = "<group>"; };
		27B0FFF51F635A9A00B6E504 /* ViewController.swift */ = {isa = PBXFileReference; lastKnownFileType = sourcecode.swift; path = ViewController.swift; sourceTree = "<group>"; };
		27B0FFF81F635A9A00B6E504 /* ScoreOverlayFootball.xcdatamodel */ = {isa = PBXFileReference; lastKnownFileType = wrapper.xcdatamodel; path = ScoreOverlayFootball.xcdatamodel; sourceTree = "<group>"; };
		27B0FFFA1F635A9A00B6E504 /* Assets.xcassets */ = {isa = PBXFileReference; lastKnownFileType = folder.assetcatalog; path = Assets.xcassets; sourceTree = "<group>"; };
		27B0FFFD1F635A9A00B6E504 /* Base */ = {isa = PBXFileReference; lastKnownFileType = file.storyboard; name = Base; path = Base.lproj/Main.storyboard; sourceTree = "<group>"; };
		27B0FFFF1F635A9A00B6E504 /* Info.plist */ = {isa = PBXFileReference; lastKnownFileType = text.plist.xml; path = Info.plist; sourceTree = "<group>"; };
/* End PBXFileReference section */

/* Begin PBXFrameworksBuildPhase section */
		27B000021F635A9A00B6E504 /* Frameworks */ = {
			isa = PBXFrameworksBuildPhase;
			buildActionMask = 2147483647;
			files = (
			);
			runOnlyForDeploymentPostprocessing = 0;
		};
		27B0000D1F635A9A00B6E504 /* Frameworks */ = {
			isa = PBXFrameworksBuildPhase;
			buildActionMask = 2147483647;
			files = (
			);
			runOnlyForDeploymentPostprocessing = 0;
		};
		27B0FFED1F635A9A00B6E504 /* Frameworks */ = {
			isa = PBXFrameworksBuildPhase;
			buildActionMask = 2147483647;
			files = (
			);
			runOnlyForDeploymentPostprocessing = 0;
		};
/* End PBXFrameworksBuildPhase section */

/* Begin PBXGroup section */
		27B000081F635A9A00B6E504 /* ScoreOverlayFootballTests */ = {
			isa = PBXGroup;
			children = (
				27B000091F635A9A00B6E504 /* ScoreOverlayFootballTests.swift */,
				27B0000B1F635A9A00B6E504 /* Info.plist */,
			);
			path = ScoreOverlayFootballTests;
			sourceTree = "<group>";
		};
		27B000131F635A9A00B6E504 /* ScoreOverlayFootballUITests */ = {
			isa = PBXGroup;
			children = (
				27B000141F635A9A00B6E504 /* ScoreOverlayFootballUITests.swift */,
				27B000161F635A9A00B6E504 /* Info.plist */,
			);
			path = ScoreOverlayFootballUITests;
			sourceTree = "<group>";
		};
		27B0FFE71F635A9A00B6E504 = {
			isa = PBXGroup;
			children = (
				27B0FFF21F635A9A00B6E504 /* ScoreOverlayFootball */,
				27B000081F635A9A00B6E504 /* ScoreOverlayFootballTests */,
				27B000131F635A9A00B6E504 /* ScoreOverlayFootballUITests */,
				27B0FFF11F635A9A00B6E504 /* Products */,
			);
			sourceTree = "<group>";
		};
		27B0FFF11F635A9A00B6E504 /* Products */ = {
			isa = PBXGroup;
			children = (
				27B0FFF01F635A9A00B6E504 /* ScoreOverlayFootball.app */,
				27B000051F635A9A00B6E504 /* ScoreOverlayFootballTests.xctest */,
				27B000101F635A9A00B6E504 /* ScoreOverlayFootballUITests.xctest */,
			);
			name = Products;
			sourceTree = "<group>";
		};
		27B0FFF21F635A9A00B6E504 /* ScoreOverlayFootball */ = {
			isa = PBXGroup;
			children = (
				27B0FFF31F635A9A00B6E504 /* AppDelegate.swift */,
				27B0FFF51F635A9A00B6E504 /* ViewController.swift */,
				27A3A1D01F6797C100376850 /* ScoreInputViewController.swift */,
				27B0FFFA1F635A9A00B6E504 /* Assets.xcassets */,
				273F76441F70691100AF2D94 /* flagBgA.png */,
				27B0FFFC1F635A9A00B6E504 /* Main.storyboard */,
				27B0FFFF1F635A9A00B6E504 /* Info.plist */,
				27B000001F635A9A00B6E504 /* ScoreOverlayFootball.entitlements */,
				27B0FFF71F635A9A00B6E504 /* ScoreOverlayFootball.xcdatamodeld */,
				271699491F6B1D9F0067F2E2 /* a.png */,
				2778A0201F77030500EAC37D /* x.png */,
			);
			path = ScoreOverlayFootball;
			sourceTree = "<group>";
		};
/* End PBXGroup section */

/* Begin PBXNativeTarget section */
		27B000041F635A9A00B6E504 /* ScoreOverlayFootballTests */ = {
			isa = PBXNativeTarget;
			buildConfigurationList = 27B0001C1F635A9A00B6E504 /* Build configuration list for PBXNativeTarget "ScoreOverlayFootballTests" */;
			buildPhases = (
				27B000011F635A9A00B6E504 /* Sources */,
				27B000021F635A9A00B6E504 /* Frameworks */,
				27B000031F635A9A00B6E504 /* Resources */,
			);
			buildRules = (
			);
			dependencies = (
				27B000071F635A9A00B6E504 /* PBXTargetDependency */,
			);
			name = ScoreOverlayFootballTests;
			productName = ScoreOverlayFootballTests;
			productReference = 27B000051F635A9A00B6E504 /* ScoreOverlayFootballTests.xctest */;
			productType = "com.apple.product-type.bundle.unit-test";
		};
		27B0000F1F635A9A00B6E504 /* ScoreOverlayFootballUITests */ = {
			isa = PBXNativeTarget;
			buildConfigurationList = 27B0001F1F635A9A00B6E504 /* Build configuration list for PBXNativeTarget "ScoreOverlayFootballUITests" */;
			buildPhases = (
				27B0000C1F635A9A00B6E504 /* Sources */,
				27B0000D1F635A9A00B6E504 /* Frameworks */,
				27B0000E1F635A9A00B6E504 /* Resources */,
			);
			buildRules = (
			);
			dependencies = (
				27B000121F635A9A00B6E504 /* PBXTargetDependency */,
			);
			name = ScoreOverlayFootballUITests;
			productName = ScoreOverlayFootballUITests;
			productReference = 27B000101F635A9A00B6E504 /* ScoreOverlayFootballUITests.xctest */;
			productType = "com.apple.product-type.bundle.ui-testing";
		};
		27B0FFEF1F635A9A00B6E504 /* ScoreOverlayFootball */ = {
			isa = PBXNativeTarget;
			buildConfigurationList = 27B000191F635A9A00B6E504 /* Build configuration list for PBXNativeTarget "ScoreOverlayFootball" */;
			buildPhases = (
				27B0FFEC1F635A9A00B6E504 /* Sources */,
				27B0FFED1F635A9A00B6E504 /* Frameworks */,
				27B0FFEE1F635A9A00B6E504 /* Resources */,
			);
			buildRules = (
			);
			dependencies = (
			);
			name = ScoreOverlayFootball;
			productName = ScoreOverlayFootball;
			productReference = 27B0FFF01F635A9A00B6E504 /* ScoreOverlayFootball.app */;
			productType = "com.apple.product-type.application";
		};
/* End PBXNativeTarget section */

/* Begin PBXProject section */
		27B0FFE81F635A9A00B6E504 /* Project object */ = {
			isa = PBXProject;
			attributes = {
				LastSwiftUpdateCheck = 0900;
				LastUpgradeCheck = 0900;
				ORGANIZATIONNAME = "Kyle Fenole";
				TargetAttributes = {
					27B000041F635A9A00B6E504 = {
						CreatedOnToolsVersion = 9.0;
						TestTargetID = 27B0FFEF1F635A9A00B6E504;
					};
					27B0000F1F635A9A00B6E504 = {
						CreatedOnToolsVersion = 9.0;
						TestTargetID = 27B0FFEF1F635A9A00B6E504;
					};
					27B0FFEF1F635A9A00B6E504 = {
						CreatedOnToolsVersion = 9.0;
						ProvisioningStyle = Automatic;
					};
				};
			};
			buildConfigurationList = 27B0FFEB1F635A9A00B6E504 /* Build configuration list for PBXProject "ScoreOverlayFootball" */;
			compatibilityVersion = "Xcode 8.0";
			developmentRegion = en;
			hasScannedForEncodings = 0;
			knownRegions = (
				en,
				Base,
			);
			mainGroup = 27B0FFE71F635A9A00B6E504;
			productRefGroup = 27B0FFF11F635A9A00B6E504 /* Products */;
			projectDirPath = "";
			projectRoot = "";
			targets = (
				27B0FFEF1F635A9A00B6E504 /* ScoreOverlayFootball */,
				27B000041F635A9A00B6E504 /* ScoreOverlayFootballTests */,
				27B0000F1F635A9A00B6E504 /* ScoreOverlayFootballUITests */,
			);
		};
/* End PBXProject section */

/* Begin PBXResourcesBuildPhase section */
		27B000031F635A9A00B6E504 /* Resources */ = {
			isa = PBXResourcesBuildPhase;
			buildActionMask = 2147483647;
			files = (
			);
			runOnlyForDeploymentPostprocessing = 0;
		};
		27B0000E1F635A9A00B6E504 /* Resources */ = {
			isa = PBXResourcesBuildPhase;
			buildActionMask = 2147483647;
			files = (
			);
			runOnlyForDeploymentPostprocessing = 0;
		};
		27B0FFEE1F635A9A00B6E504 /* Resources */ = {
			isa = PBXResourcesBuildPhase;
			buildActionMask = 2147483647;
			files = (
				27C578AE1F6C5B320016F5EC /* a.png in Resources */,
				27B0FFFB1F635A9A00B6E504 /* Assets.xcassets in Resources */,
				2778A0211F77034200EAC37D /* x.png in Resources */,
				273F76451F70691600AF2D94 /* flagBgA.png in Resources */,
				27B0FFFE1F635A9A00B6E504 /* Main.storyboard in Resources */,
			);
			runOnlyForDeploymentPostprocessing = 0;
		};
/* End PBXResourcesBuildPhase section */

/* Begin PBXSourcesBuildPhase section */
		27B000011F635A9A00B6E504 /* Sources */ = {
			isa = PBXSourcesBuildPhase;
			buildActionMask = 2147483647;
			files = (
				27B0000A1F635A9A00B6E504 /* ScoreOverlayFootballTests.swift in Sources */,
			);
			runOnlyForDeploymentPostprocessing = 0;
		};
		27B0000C1F635A9A00B6E504 /* Sources */ = {
			isa = PBXSourcesBuildPhase;
			buildActionMask = 2147483647;
			files = (
				27B000151F635A9A00B6E504 /* ScoreOverlayFootballUITests.swift in Sources */,
			);
			runOnlyForDeploymentPostprocessing = 0;
		};
		27B0FFEC1F635A9A00B6E504 /* Sources */ = {
			isa = PBXSourcesBuildPhase;
			buildActionMask = 2147483647;
			files = (
				27A3A1D11F6797C100376850 /* ScoreInputViewController.swift in Sources */,
				27B0FFF61F635A9A00B6E504 /* ViewController.swift in Sources */,
				27B0FFF91F635A9A00B6E504 /* ScoreOverlayFootball.xcdatamodeld in Sources */,
				27B0FFF41F635A9A00B6E504 /* AppDelegate.swift in Sources */,
			);
			runOnlyForDeploymentPostprocessing = 0;
		};
/* End PBXSourcesBuildPhase section */

/* Begin PBXTargetDependency section */
		27B000071F635A9A00B6E504 /* PBXTargetDependency */ = {
			isa = PBXTargetDependency;
			target = 27B0FFEF1F635A9A00B6E504 /* ScoreOverlayFootball */;
			targetProxy = 27B000061F635A9A00B6E504 /* PBXContainerItemProxy */;
		};
		27B000121F635A9A00B6E504 /* PBXTargetDependency */ = {
			isa = PBXTargetDependency;
			target = 27B0FFEF1F635A9A00B6E504 /* ScoreOverlayFootball */;
			targetProxy = 27B000111F635A9A00B6E504 /* PBXContainerItemProxy */;
		};
/* End PBXTargetDependency section */

/* Begin PBXVariantGroup section */
		27B0FFFC1F635A9A00B6E504 /* Main.storyboard */ = {
			isa = PBXVariantGroup;
			children = (
				27B0FFFD1F635A9A00B6E504 /* Base */,
			);
			name = Main.storyboard;
			sourceTree = "<group>";
		};
/* End PBXVariantGroup section */

/* Begin XCBuildConfiguration section */
		27B000171F635A9A00B6E504 /* Debug */ = {
			isa = XCBuildConfiguration;
			buildSettings = {
				ALWAYS_SEARCH_USER_PATHS = NO;
				CLANG_ANALYZER_NONNULL = YES;
				CLANG_ANALYZER_NUMBER_OBJECT_CONVERSION = YES_AGGRESSIVE;
				CLANG_CXX_LANGUAGE_STANDARD = "gnu++14";
				CLANG_CXX_LIBRARY = "libc++";
				CLANG_ENABLE_MODULES = YES;
				CLANG_ENABLE_OBJC_ARC = YES;
				CLANG_WARN_BLOCK_CAPTURE_AUTORELEASING = YES;
				CLANG_WARN_BOOL_CONVERSION = YES;
				CLANG_WARN_COMMA = YES;
				CLANG_WARN_CONSTANT_CONVERSION = YES;
				CLANG_WARN_DIRECT_OBJC_ISA_USAGE = YES_ERROR;
				CLANG_WARN_DOCUMENTATION_COMMENTS = YES;
				CLANG_WARN_EMPTY_BODY = YES;
				CLANG_WARN_ENUM_CONVERSION = YES;
				CLANG_WARN_INFINITE_RECURSION = YES;
				CLANG_WARN_INT_CONVERSION = YES;
				CLANG_WARN_NON_LITERAL_NULL_CONVERSION = YES;
				CLANG_WARN_OBJC_LITERAL_CONVERSION = YES;
				CLANG_WARN_OBJC_ROOT_CLASS = YES_ERROR;
				CLANG_WARN_RANGE_LOOP_ANALYSIS = YES;
				CLANG_WARN_STRICT_PROTOTYPES = YES;
				CLANG_WARN_SUSPICIOUS_MOVE = YES;
				CLANG_WARN_UNGUARDED_AVAILABILITY = YES_AGGRESSIVE;
				CLANG_WARN_UNREACHABLE_CODE = YES;
				CLANG_WARN__DUPLICATE_METHOD_MATCH = YES;
				CODE_SIGN_IDENTITY = "Mac Developer";
				COPY_PHASE_STRIP = NO;
				DEBUG_INFORMATION_FORMAT = dwarf;
				ENABLE_STRICT_OBJC_MSGSEND = YES;
				ENABLE_TESTABILITY = YES;
				GCC_C_LANGUAGE_STANDARD = gnu11;
				GCC_DYNAMIC_NO_PIC = NO;
				GCC_NO_COMMON_BLOCKS = YES;
				GCC_OPTIMIZATION_LEVEL = 0;
				GCC_PREPROCESSOR_DEFINITIONS = (
					"DEBUG=1",
					"$(inherited)",
				);
				GCC_WARN_64_TO_32_BIT_CONVERSION = YES;
				GCC_WARN_ABOUT_RETURN_TYPE = YES_ERROR;
				GCC_WARN_UNDECLARED_SELECTOR = YES;
				GCC_WARN_UNINITIALIZED_AUTOS = YES_AGGRESSIVE;
				GCC_WARN_UNUSED_FUNCTION = YES;
				GCC_WARN_UNUSED_VARIABLE = YES;
				MACOSX_DEPLOYMENT_TARGET = 10.13;
				MTL_ENABLE_DEBUG_INFO = YES;
				ONLY_ACTIVE_ARCH = YES;
				SDKROOT = macosx;
				SWIFT_ACTIVE_COMPILATION_CONDITIONS = DEBUG;
				SWIFT_OPTIMIZATION_LEVEL = "-Onone";
			};
			name = Debug;
		};
		27B000181F635A9A00B6E504 /* Release */ = {
			isa = XCBuildConfiguration;
			buildSettings = {
				ALWAYS_SEARCH_USER_PATHS = NO;
				CLANG_ANALYZER_NONNULL = YES;
				CLANG_ANALYZER_NUMBER_OBJECT_CONVERSION = YES_AGGRESSIVE;
				CLANG_CXX_LANGUAGE_STANDARD = "gnu++14";
				CLANG_CXX_LIBRARY = "libc++";
				CLANG_ENABLE_MODULES = YES;
				CLANG_ENABLE_OBJC_ARC = YES;
				CLANG_WARN_BLOCK_CAPTURE_AUTORELEASING = YES;
				CLANG_WARN_BOOL_CONVERSION = YES;
				CLANG_WARN_COMMA = YES;
				CLANG_WARN_CONSTANT_CONVERSION = YES;
				CLANG_WARN_DIRECT_OBJC_ISA_USAGE = YES_ERROR;
				CLANG_WARN_DOCUMENTATION_COMMENTS = YES;
				CLANG_WARN_EMPTY_BODY = YES;
				CLANG_WARN_ENUM_CONVERSION = YES;
				CLANG_WARN_INFINITE_RECURSION = YES;
				CLANG_WARN_INT_CONVERSION = YES;
				CLANG_WARN_NON_LITERAL_NULL_CONVERSION = YES;
				CLANG_WARN_OBJC_LITERAL_CONVERSION = YES;
				CLANG_WARN_OBJC_ROOT_CLASS = YES_ERROR;
				CLANG_WARN_RANGE_LOOP_ANALYSIS = YES;
				CLANG_WARN_STRICT_PROTOTYPES = YES;
				CLANG_WARN_SUSPICIOUS_MOVE = YES;
				CLANG_WARN_UNGUARDED_AVAILABILITY = YES_AGGRESSIVE;
				CLANG_WARN_UNREACHABLE_CODE = YES;
				CLANG_WARN__DUPLICATE_METHOD_MATCH = YES;
				CODE_SIGN_IDENTITY = "Mac Developer";
				COPY_PHASE_STRIP = NO;
				DEBUG_INFORMATION_FORMAT = "dwarf-with-dsym";
				ENABLE_NS_ASSERTIONS = NO;
				ENABLE_STRICT_OBJC_MSGSEND = YES;
				GCC_C_LANGUAGE_STANDARD = gnu11;
				GCC_NO_COMMON_BLOCKS = YES;
				GCC_WARN_64_TO_32_BIT_CONVERSION = YES;
				GCC_WARN_ABOUT_RETURN_TYPE = YES_ERROR;
				GCC_WARN_UNDECLARED_SELECTOR = YES;
				GCC_WARN_UNINITIALIZED_AUTOS = YES_AGGRESSIVE;
				GCC_WARN_UNUSED_FUNCTION = YES;
				GCC_WARN_UNUSED_VARIABLE = YES;
				MACOSX_DEPLOYMENT_TARGET = 10.13;
				MTL_ENABLE_DEBUG_INFO = NO;
				SDKROOT = macosx;
				SWIFT_OPTIMIZATION_LEVEL = "-Owholemodule";
			};
			name = Release;
		};
		27B0001A1F635A9A00B6E504 /* Debug */ = {
			isa = XCBuildConfiguration;
			buildSettings = {
				ASSETCATALOG_COMPILER_APPICON_NAME = AppIcon;
				CODE_SIGN_ENTITLEMENTS = ScoreOverlayFootball/ScoreOverlayFootball.entitlements;
				CODE_SIGN_IDENTITY = "";
				CODE_SIGN_STYLE = Automatic;
				COMBINE_HIDPI_IMAGES = YES;
				DEVELOPMENT_TEAM = 8JK8L6QR37;
				INFOPLIST_FILE = ScoreOverlayFootball/Info.plist;
				LD_RUNPATH_SEARCH_PATHS = "$(inherited) @executable_path/../Frameworks";
				MACOSX_DEPLOYMENT_TARGET = 10.12;
				PRODUCT_BUNDLE_IDENTIFIER = com.kfenole.ScoreOverlayFootball;
				PRODUCT_NAME = "$(TARGET_NAME)";
				PROVISIONING_PROFILE_SPECIFIER = "";
				SWIFT_VERSION = 4.0;
			};
			name = Debug;
		};
		27B0001B1F635A9A00B6E504 /* Release */ = {
			isa = XCBuildConfiguration;
			buildSettings = {
				ASSETCATALOG_COMPILER_APPICON_NAME = AppIcon;
				CODE_SIGN_ENTITLEMENTS = ScoreOverlayFootball/ScoreOverlayFootball.entitlements;
				CODE_SIGN_IDENTITY = "";
				CODE_SIGN_STYLE = Automatic;
				COMBINE_HIDPI_IMAGES = YES;
				DEVELOPMENT_TEAM = 8JK8L6QR37;
				INFOPLIST_FILE = ScoreOverlayFootball/Info.plist;
				LD_RUNPATH_SEARCH_PATHS = "$(inherited) @executable_path/../Frameworks";
				MACOSX_DEPLOYMENT_TARGET = 10.12;
				PRODUCT_BUNDLE_IDENTIFIER = com.kfenole.ScoreOverlayFootball;
				PRODUCT_NAME = "$(TARGET_NAME)";
				PROVISIONING_PROFILE_SPECIFIER = "";
				SWIFT_VERSION = 4.0;
			};
			name = Release;
		};
		27B0001D1F635A9A00B6E504 /* Debug */ = {
			isa = XCBuildConfiguration;
			buildSettings = {
				ALWAYS_EMBED_SWIFT_STANDARD_LIBRARIES = YES;
				BUNDLE_LOADER = "$(TEST_HOST)";
				COMBINE_HIDPI_IMAGES = YES;
				DEVELOPMENT_TEAM = 8JK8L6QR37;
				INFOPLIST_FILE = ScoreOverlayFootballTests/Info.plist;
				LD_RUNPATH_SEARCH_PATHS = "$(inherited) @executable_path/../Frameworks @loader_path/../Frameworks";
				PRODUCT_BUNDLE_IDENTIFIER = com.kfenole.ScoreOverlayFootballTests;
				PRODUCT_NAME = "$(TARGET_NAME)";
				SWIFT_VERSION = 4.0;
				TEST_HOST = "$(BUILT_PRODUCTS_DIR)/ScoreOverlayFootball.app/Contents/MacOS/ScoreOverlayFootball";
			};
			name = Debug;
		};
		27B0001E1F635A9A00B6E504 /* Release */ = {
			isa = XCBuildConfiguration;
			buildSettings = {
				ALWAYS_EMBED_SWIFT_STANDARD_LIBRARIES = YES;
				BUNDLE_LOADER = "$(TEST_HOST)";
				COMBINE_HIDPI_IMAGES = YES;
				DEVELOPMENT_TEAM = 8JK8L6QR37;
				INFOPLIST_FILE = ScoreOverlayFootballTests/Info.plist;
				LD_RUNPATH_SEARCH_PATHS = "$(inherited) @executable_path/../Frameworks @loader_path/../Frameworks";
				PRODUCT_BUNDLE_IDENTIFIER = com.kfenole.ScoreOverlayFootballTests;
				PRODUCT_NAME = "$(TARGET_NAME)";
				SWIFT_VERSION = 4.0;
				TEST_HOST = "$(BUILT_PRODUCTS_DIR)/ScoreOverlayFootball.app/Contents/MacOS/ScoreOverlayFootball";
			};
			name = Release;
		};
		27B000201F635A9A00B6E504 /* Debug */ = {
			isa = XCBuildConfiguration;
			buildSettings = {
				ALWAYS_EMBED_SWIFT_STANDARD_LIBRARIES = YES;
				COMBINE_HIDPI_IMAGES = YES;
				DEVELOPMENT_TEAM = 8JK8L6QR37;
				INFOPLIST_FILE = ScoreOverlayFootballUITests/Info.plist;
				LD_RUNPATH_SEARCH_PATHS = "$(inherited) @executable_path/../Frameworks @loader_path/../Frameworks";
				PRODUCT_BUNDLE_IDENTIFIER = com.kfenole.ScoreOverlayFootballUITests;
				PRODUCT_NAME = "$(TARGET_NAME)";
				SWIFT_VERSION = 4.0;
				TEST_TARGET_NAME = ScoreOverlayFootball;
			};
			name = Debug;
		};
		27B000211F635A9A00B6E504 /* Release */ = {
			isa = XCBuildConfiguration;
			buildSettings = {
				ALWAYS_EMBED_SWIFT_STANDARD_LIBRARIES = YES;
				COMBINE_HIDPI_IMAGES = YES;
				DEVELOPMENT_TEAM = 8JK8L6QR37;
				INFOPLIST_FILE = ScoreOverlayFootballUITests/Info.plist;
				LD_RUNPATH_SEARCH_PATHS = "$(inherited) @executable_path/../Frameworks @loader_path/../Frameworks";
				PRODUCT_BUNDLE_IDENTIFIER = com.kfenole.ScoreOverlayFootballUITests;
				PRODUCT_NAME = "$(TARGET_NAME)";
				SWIFT_VERSION = 4.0;
				TEST_TARGET_NAME = ScoreOverlayFootball;
			};
			name = Release;
		};
/* End XCBuildConfiguration section */

/* Begin XCConfigurationList section */
		27B000191F635A9A00B6E504 /* Build configuration list for PBXNativeTarget "ScoreOverlayFootball" */ = {
			isa = XCConfigurationList;
			buildConfigurations = (
				27B0001A1F635A9A00B6E504 /* Debug */,
				27B0001B1F635A9A00B6E504 /* Release */,
			);
			defaultConfigurationIsVisible = 0;
			defaultConfigurationName = Release;
		};
		27B0001C1F635A9A00B6E504 /* Build configuration list for PBXNativeTarget "ScoreOverlayFootballTests" */ = {
			isa = XCConfigurationList;
			buildConfigurations = (
				27B0001D1F635A9A00B6E504 /* Debug */,
				27B0001E1F635A9A00B6E504 /* Release */,
			);
			defaultConfigurationIsVisible = 0;
			defaultConfigurationName = Release;
		};
		27B0001F1F635A9A00B6E504 /* Build configuration list for PBXNativeTarget "ScoreOverlayFootballUITests" */ = {
			isa = XCConfigurationList;
			buildConfigurations = (
				27B000201F635A9A00B6E504 /* Debug */,
				27B000211F635A9A00B6E504 /* Release */,
			);
			defaultConfigurationIsVisible = 0;
			defaultConfigurationName = Release;
		};
		27B0FFEB1F635A9A00B6E504 /* Build configuration list for PBXProject "ScoreOverlayFootball" */ = {
			isa = XCConfigurationList;
			buildConfigurations = (
				27B000171F635A9A00B6E504 /* Debug */,
				27B000181F635A9A00B6E504 /* Release */,
			);
			defaultConfigurationIsVisible = 0;
			defaultConfigurationName = Release;
		};
/* End XCConfigurationList section */

/* Begin XCVersionGroup section */
		27B0FFF71F635A9A00B6E504 /* ScoreOverlayFootball.xcdatamodeld */ = {
			isa = XCVersionGroup;
			children = (
				27B0FFF81F635A9A00B6E504 /* ScoreOverlayFootball.xcdatamodel */,
			);
			currentVersion = 27B0FFF81F635A9A00B6E504 /* ScoreOverlayFootball.xcdatamodel */;
			path = ScoreOverlayFootball.xcdatamodeld;
			sourceTree = "<group>";
			versionGroupType = wrapper.xcdatamodel;
		};
/* End XCVersionGroup section */
	};
	rootObject = 27B0FFE81F635A9A00B6E504 /* Project object */;
}
